
Microsoft Visual Studio Solution File, Format Version 12.00
# Visual Studio Version 17
VisualStudioVersion = 17.4.33205.214
MinimumVisualStudioVersion = 10.0.40219.1
Project("{FAE04EC0-301F-11D3-BF4B-00C04F79EFBC}") = "GSM", "GSM\GSM.csproj", "{EBE0E236-2D1A-4E22-AECF-9D657BA4AD7F}"
EndProject
Global
	GlobalSection(SolutionConfigurationPlatforms) = preSolution
		Debug|Any CPU = Debug|Any CPU
		Release|Any CPU = Release|Any CPU
	EndGlobalSection
	GlobalSection(ProjectConfigurationPlatforms) = postSolution
		{EBE0E236-2D1A-4E22-AECF-9D657BA4AD7F}.Debug|Any CPU.ActiveCfg = Debug|Any CPU
		{EBE0E236-2D1A-4E22-AECF-9D657BA4AD7F}.Debug|Any CPU.Build.0 = Debug|Any CPU
		{EBE0E236-2D1A-4E22-AECF-9D657BA4AD7F}.Release|Any CPU.ActiveCfg = Release|Any CPU
		{EBE0E236-2D1A-4E22-AECF-9D657BA4AD7F}.Release|Any CPU.Build.0 = Release|Any CPU
	EndGlobalSection
	GlobalSection(SolutionProperties) = preSolution
		HideSolutionNode = FALSE
	EndGlobalSection
	GlobalSection(ExtensibilityGlobals) = postSolution
		SolutionGuid = {5E349EBE-46C2-426A-8873-CBA6AA9CBF84}
	EndGlobalSection
EndGlobal
